<?xml version="1.0" encoding="utf-8"?>
<Project ToolsVersion="4.0" xmlns="http://schemas.microsoft.com/developer/msbuild/2003">
  <ItemGroup>
    <Filter Include="Source Files">
      <UniqueIdentifier>{4FC737F1-C7A5-4376-A066-2A32D752A2FF}</UniqueIdentifier>
      <Extensions>cpp;c;cc;cxx;def;odl;idl;hpj;bat;asm;asmx</Extensions>
    </Filter>
    <Filter Include="Header Files">
      <UniqueIdentifier>{93995380-89BD-4b04-88EB-625FBE52EBFB}</UniqueIdentifier>
      <Extensions>h;hh;hpp;hxx;hm;inl;inc;ipp;xsd</Extensions>
    </Filter>
    <Filter Include="Resource Files">
      <UniqueIdentifier>{67DA6AB6-F800-4c08-8B7A-83BB121AAD01}</UniqueIdentifier>
      <Extensions>rc;ico;cur;bmp;dlg;rc2;rct;bin;rgs;gif;jpg;jpeg;jpe;resx;tiff;tif;png;wav;mfcribbon-ms</Extensions>
    </Filter>
  </ItemGroup>
  <ItemGroup>
    <ClCompile Include="WinHttp\boring32.winhttp-asyncwebsocket-statuscallback.cpp">
      <Filter>Source Files</Filter>
    </ClCompile>
    <ClCompile Include="Strings\boring32.strings.ixx" />
    <ClCompile Include="Async\boring32.async-threadpool.ixx" />
    <ClCompile Include="Async\boring32.async-semaphore.ixx" />
    <ClCompile Include="Async\boring32.async-filemapping.ixx" />
    <ClCompile Include="FileSystem\boring32.filesystem-file.ixx" />
    <ClCompile Include="RAII\boring32.raii-win32handle.ixx" />
    <ClCompile Include="COM\boring32.com-comthreadscope.ixx" />
    <ClCompile Include="Compression\boring32.compression.ixx" />
    <ClCompile Include="Compression\boring32.compression-compressor.ixx" />
    <ClCompile Include="Compression\boring32.compression-decompressor.ixx" />
    <ClCompile Include="Time\boring32-time.ixx" />
    <ClCompile Include="Process\boring32.process-dynamiclinklibrary.ixx" />
    <ClCompile Include="Util\boring32.util.ixx" />
    <ClCompile Include="DataStructures\boring32.datastructures-cappedstack.ixx" />
    <ClCompile Include="DataStructures\boring32.datastructures-singlylinkedlist.ixx" />
    <ClCompile Include="DataStructures\boring32.datastructures.ixx" />
    <ClCompile Include="Registry\boring32.registry-key.ixx" />
    <ClCompile Include="Registry\boring32.registry-functions.ixx" />
    <ClCompile Include="Registry\boring32.registry.ixx" />
    <ClCompile Include="TaskScheduler\boring32.taskscheduler-taskfolder.ixx" />
    <ClCompile Include="TaskScheduler\boring32.taskscheduler-taskservice.ixx" />
    <ClCompile Include="TaskScheduler\boring32.taskscheduler.ixx" />
    <ClCompile Include="Error\boring32.error-functions.ixx" />
    <ClCompile Include="Error\boring32.error-win32error.ixx" />
    <ClCompile Include="Error\boring32.error.ixx" />
    <ClCompile Include="Error\boring32.error-comerror.ixx" />
    <ClCompile Include="Error\boring32.error-ntstatuserror.ixx" />
    <ClCompile Include="Async\boring32.async-job.ixx" />
    <ClCompile Include="Async\boring32.async-mutex.ixx" />
    <ClCompile Include="Async\boring32.async-synchronizationbarrier.ixx" />
    <ClCompile Include="Async\boring32.async-criticalsectionlock.ixx" />
    <ClCompile Include="Async\boring32.async-waitabletimer.ixx" />
    <ClCompile Include="Async\boring32.async-event.ixx" />
    <ClCompile Include="RAII\boring32.raii-uniqueptrs.ixx" />
    <ClCompile Include="Async\boring32.async-timerqueue.ixx" />
    <ClCompile Include="Async\boring32.async-mutev.ixx" />
    <ClCompile Include="Async\boring32.async-threadsafevector.ixx" />
    <ClCompile Include="Crypto\boring32.crypto-tempcertimport.ixx" />
    <ClCompile Include="Crypto\boring32.crypto-functions.ixx" />
    <ClCompile Include="Crypto\boring32.crypto-cryptokey.ixx" />
    <ClCompile Include="Async\boring32.async-timerqueuetimer.ixx" />
    <ClCompile Include="Async\boring32.async-timerqueuetimercallback.ixx" />
    <ClCompile Include="IPC\boring32.ipc-anonymouspipe.ixx" />
    <ClCompile Include="IPC\boring32.ipc-overlappednamedpipeclient.ixx" />
    <ClCompile Include="IPC\boring32.ipc-overlappednamedpipeserver.ixx" />
    <ClCompile Include="IPC\boring32.ipc-namedpipeclientbase.ixx" />
    <ClCompile Include="IPC\boring32.ipc-namedpipeserverbase.ixx" />
    <ClCompile Include="IPC\boring32.ipc-blockingnamedpipeserver.ixx" />
    <ClCompile Include="Crypto\boring32.crypto-certificate.ixx" />
    <ClCompile Include="Crypto\boring32.crypto-aesencryption.ixx" />
    <ClCompile Include="Security\boring32.security-functions.ixx" />
    <ClCompile Include="Security\boring32.security-token.ixx" />
    <ClCompile Include="Security\boring32.security-constants.ixx" />
    <ClCompile Include="Security\boring32.security-privatenamespace.ixx" />
    <ClCompile Include="Security\boring32.security-impersonationcontext.ixx" />
    <ClCompile Include="Security\boring32.security-securityidentifier.ixx" />
    <ClCompile Include="Crypto\boring32.crypto-securestring.ixx" />
    <ClCompile Include="Crypto\boring32.crypto-certstore.ixx" />
    <ClCompile Include="Crypto\boring32.crypto-chainingmode.ixx" />
    <ClCompile Include="Crypto\boring32.crypto-certificatechain.ixx" />
    <ClCompile Include="WinHttp\boring32.winhttp-winhttphandle.ixx" />
    <ClCompile Include="WinHttp\boring32.winhttp-proxytype.ixx" />
    <ClCompile Include="WinHttp\boring32.winhttp-httpwebclient.ixx" />
    <ClCompile Include="WinHttp\boring32.winhttp-requestresult.ixx" />
    <ClCompile Include="WindowsImagingComponent\boring32.windowsimagingcomponent.ixx" />
    <ClCompile Include="WindowsImagingComponent\boring32.windowsimagingcomponent-imagingfactory.ixx" />
    <ClCompile Include="WinHttp\boring32.winhttp-websocket.ixx" />
    <ClCompile Include="WinHttp\boring32.winhttp-asyncwebsocket.ixx" />
    <ClCompile Include="WinHttp\boring32.winhttp-websocketstatus.ixx" />
    <ClCompile Include="FileSystem\boring32.filesystem.ixx" />
    <ClCompile Include="WinHttp\boring32.winhttp-asyncwebsocketsettings.ixx" />
    <ClCompile Include="WinHttp\boring32.winhttp-websocketsettings.ixx" />
    <ClCompile Include="WinHttp\boring32.winhttp-proxyinfo.ixx" />
    <ClCompile Include="WinHttp\boring32.winhttp-session.ixx" />
    <ClCompile Include="Async\boring32.async-slimreadwritelock.ixx" />
    <ClCompile Include="Async\boring32.async-eventloop.ixx" />
    <ClCompile Include="Error\boring32.error-errorbase.ixx" />
    <ClCompile Include="Util\boring32.util-switcher.ixx" />
    <ClCompile Include="WinHttp\boring32.winhttp-winhttperror.ixx" />
    <ClCompile Include="Security\boring32.security-securitydescriptor.ixx" />
    <ClCompile Include="Async\boring32.async-processinfo.ixx" />
    <ClCompile Include="Async\boring32.async-process.ixx" />
    <ClCompile Include="Async\boring32.async-memorymappedfile.ixx" />
    <ClCompile Include="IPC\boring32.ipc-blockingnamedpipeclient.ixx" />
    <ClCompile Include="IPC\boring32.ipc.ixx" />
    <ClCompile Include="Async\boring32.async-functions.ixx" />
    <ClCompile Include="Async\boring32.async-memorymappedview.ixx" />
    <ClCompile Include="Async\boring32.async-thread.ixx" />
    <ClCompile Include="Async\boring32.async-overlappedio.ixx" />
    <ClCompile Include="Async\boring32.async-overlappedop.ixx" />
    <ClCompile Include="Security\boring32.security.ixx" />
    <ClCompile Include="RAII\boring32.raii.ixx" />
    <ClCompile Include="Process\boring32.process.ixx" />
    <ClCompile Include="FileSystem\boring32.filesystem-functions.ixx" />
    <ClCompile Include="COM\boring32.com.ixx" />
    <ClCompile Include="Crypto\boring32.crypto.ixx" />
    <ClCompile Include="XAudio2\boring32-xaudio2.ixx" />
    <ClCompile Include="XAudio2\boring32-xaudio2_engine.ixx" />
    <ClCompile Include="XAudio2\boring32-xaudio2_voice.ixx" />
    <ClCompile Include="XAudio2\boring32-xaudio2_audiograph.ixx" />
    <ClCompile Include="XAudio2\boring32-xaudio2_masteringvoice.ixx" />
    <ClCompile Include="XAudio2\boring32-xaudio2_sourcevoice.ixx" />
    <ClCompile Include="XAudio2\boring32-xaudio2_functions.ixx" />
    <ClCompile Include="Error\boring32.error-boring32error.ixx" />
    <ClCompile Include="XAudio2\boring32-xaudio2_xaudio2error.ixx" />
    <ClCompile Include="Compression\boring32.compression-compressionerror.ixx" />
    <ClCompile Include="Compression\boring32.compression-deleters.ixx" />
    <ClCompile Include="Registry\boring32.registry-value.ixx" />
    <ClCompile Include="Async\boring32.async-waitableaddress.ixx" />
    <ClCompile Include="WindowsFilteringPlatform\boring32.windowsfilteringplatform.ixx" />
    <ClCompile Include="WindowsFilteringPlatform\boring32.windowsfilteringplatform-engine.ixx" />
    <ClCompile Include="WindowsFilteringPlatform\boring32.windowsfilteringplatform-callout.ixx" />
    <ClCompile Include="WindowsFilteringPlatform\boring32.windowsfilteringplatform-provider.ixx" />
    <ClCompile Include="WindowsFilteringPlatform\boring32.windowsfilteringplatform-filter.ixx" />
    <ClCompile Include="WindowsFilteringPlatform\boring32.windowsfilteringplatform-providercontext.ixx" />
    <ClCompile Include="WindowsFilteringPlatform\boring32.windowsfilteringplatform-functions.ixx" />
    <ClCompile Include="WinSock\boring32.winsock-winsockinit.ixx" />
    <ClCompile Include="WinSock\boring32.winsock-functions.ixx" />
    <ClCompile Include="WinSock\boring32.winsock-tcpsocket.ixx" />
    <ClCompile Include="WinSock\boring32.winsock-uniqueptrs.ixx" />
    <ClCompile Include="WinSock\boring32.winsock-winsockerror.ixx" />
    <ClCompile Include="WinSock\boring32.winsock.ixx" />
    <ClCompile Include="Util\boring32.util-functions.ixx" />
    <ClCompile Include="WinHttp\boring32.winhttp.ixx" />
    <ClCompile Include="Async\boring32.async.ixx" />
    <ClCompile Include="Util\boring32.util-globallyuniqueid.ixx" />
    <ClCompile Include="Services\boring32.services.ixx" />
    <ClCompile Include="Services\boring32.services-functions.ixx" />
    <ClCompile Include="RAII\boring32.raii-handle.ixx" />
    <ClCompile Include="WinHttp\boring32.winhttp-handles.ixx" />
    <ClCompile Include="Computer\boring32.computer.ixx" />
    <ClCompile Include="Computer\boring32.computer-functions.ixx" />
    <ClCompile Include="Async\boring32.async-synced.ixx" />
    <ClCompile Include="Async\boring32.async-syncedcontainer.ixx" />
    <ClCompile Include="WirelessLAN\boring32-wirelesslan.ixx" />
    <ClCompile Include="WirelessLAN\boring32-wirelesslan_session.ixx" />
    <ClCompile Include="WirelessLAN\boring32-wirelesslan_cleanup.ixx" />
    <ClCompile Include="WirelessLAN\boring32-wirelesslan_wirelessinterfaces.ixx" />
    <ClCompile Include="WirelessLAN\boring32-wirelesslan_wirelessinterface.ixx" />
    <ClCompile Include="Computer\boring32.computer-processinfo.ixx" />
    <ClCompile Include="Networking\boring32.networking.ixx" />
    <ClCompile Include="Networking\boring32.networking-api.ixx" />
    <ClCompile Include="IPC\boring32.ipc-mailslotserver.ixx" />
    <ClCompile Include="Security\boring32.security-securityattributes.ixx" />
    <ClCompile Include="boring32.ixx" />
    <ClCompile Include="Time\boring32-time_datetime.ixx" />
    <ClCompile Include="Time\boring32-time_functions.ixx" />
    <ClCompile Include="Services\boring32.services-servicecontrolmanager.ixx" />
    <ClCompile Include="Services\boring32.services-raii.ixx" />
    <ClCompile Include="Services\boring32.services-service.ixx" />
    <ClCompile Include="IO\boring32.io.ixx" />
    <ClCompile Include="IO\boring32.io-completionport.ixx" />
    <ClCompile Include="Security\boring32.security-policy.ixx" />
    <ClCompile Include="Security\boring32.security-lsaunicodestring.cpp" />
    <ClCompile Include="Logging\boring32.logging.ixx" />
    <ClCompile Include="Logging\boring32.logging-functions.ixx" />
    <ClCompile Include="SSPI\boring32.sspi.ixx" />
    <ClCompile Include="SSPI\boring32.sspi-credential.ixx" />
    <ClCompile Include="SSPI\boring32.sspi-securitycontext.ixx" />
    <ClCompile Include="MediaFoundation\boring32.mediafoundation.ixx" />
    <ClCompile Include="SSPI\boring32.sspi-types.ixx" />
    <ClCompile Include="SSPI\boring32.sspi-contextbuffer.ixx" />
    <ClCompile Include="SSPI\boring32.sspi-sizedcontextbuffer.ixx" />
    <ClCompile Include="SSPI\boring32.sspi-buffertype.ixx" />
    <ClCompile Include="COM\boring32.com-functions.ixx" />
    <ClCompile Include="SSPI\Credential\boring32.sspi.provider.credential.ixx" />
    <ClCompile Include="SSPI\Digest\boring32.sspi.provider.digest.ixx" />
    <ClCompile Include="SSPI\Kerberos\boring32.sspi.provider.kerberos.ixx" />
    <ClCompile Include="SSPI\Negotiate\boring32.sspi.provider.negotiate.ixx" />
    <ClCompile Include="SSPI\NTLM\boring32.sspi.provider.ntlm.ixx" />
    <ClCompile Include="SSPI\PKU2U\boring32.sspi.provider.pku2u.ixx" />
    <ClCompile Include="SSPI\Schannel\boring32.sspi.provider.schannel.ixx" />
    <ClCompile Include="COM\boring32.com-hresult.ixx" />
    <ClCompile Include="WinSock\boring32.winsock-socket.ixx" />
    <ClCompile Include="Memory\boring32.memory.ixx" />
    <ClCompile Include="Memory\boring32.memory-functions.ixx" />
    <ClCompile Include="Memory\boring32.memory-heap.ixx" />
    <ClCompile Include="TaskScheduler\boring32.taskscheduler-registeredtask.ixx" />
    <ClCompile Include="Util\boring32.util-enumeration.ixx" />
    <ClCompile Include="Memory\boring32.memory-virtualaddress.ixx" />
    <ClCompile Include="Async\boring32.async-sharedmap.ixx" />
    <ClCompile Include="Async\boring32.async-criticalsection.ixx" />
    <ClCompile Include="Async\boring32.async-apcthread.ixx" />
    <ClCompile Include="FileSystem\boring32.filesystem-directory.ixx" />
    <ClCompile Include="MSI\boring32.msi.ixx" />
    <ClCompile Include="MSI\boring32.msi-functions.ixx" />
    <ClCompile Include="MSI\boring32.msi-database.ixx" />
    <ClCompile Include="MSI\boring32.msi-package.ixx" />
    <ClCompile Include="MSI\boring32.msi-product.ixx" />
    <ClCompile Include="Compression\boring32.compression-cabinet.ixx" />
    <ClCompile Include="WinHttp\boring32.winhttp-decomposedurl.ixx" />
    <ClCompile Include="Native\boring32.native-defs.ixx" />
    <ClCompile Include="Native\boring32.native-ntdll.ixx" />
    <ClCompile Include="Native\boring32.native.ixx" />
    <ClCompile Include="Async\boring32.async-waitable.ixx" />
    <ClCompile Include="Compression\boring32.compression-types.ixx" />
    <ClCompile Include="Security\boring32.security-encodedpointer.ixx" />
    <ClCompile Include="StrongTypes\boring32.strongtypes.ixx" />
    <ClCompile Include="StrongTypes\boring32.strongtypes-crtp.cpp">
      <Filter>Source Files</Filter>
    </ClCompile>
    <ClCompile Include="StrongTypes\boring32.strongtypes-functionalities.ixx" />
    <ClCompile Include="StrongTypes\boring32.strongtypes-impl.ixx" />
    <ClCompile Include="Strings\boring32.strings-fixedstring.ixx" />
    <ClCompile Include="Async\boring32.async-cmdrunner.ixx" />
    <ClCompile Include="Util\boring32.util-range.ixx" />
    <ClCompile Include="Shell\boring32.shell.ixx" />
    <ClCompile Include="Concepts\boring32.concepts.ixx" />
    <ClCompile Include="Registry\boring32.registry-registryvalue.ixx" />
    <ClCompile Include="WinSock\boring32.winsock-resolvedname.ixx" />
    <ClCompile Include="Security\boring32.security-level.ixx" />
  </ItemGroup>
</Project>