<?xml version="1.0" encoding="utf-8"?>
<Project ToolsVersion="4.0" xmlns="http://schemas.microsoft.com/developer/msbuild/2003">
  <ItemGroup>
    <Filter Include="Source Files">
      <UniqueIdentifier>{4FC737F1-C7A5-4376-A066-2A32D752A2FF}</UniqueIdentifier>
      <Extensions>cpp;c;cc;cxx;def;odl;idl;hpj;bat;asm;asmx</Extensions>
    </Filter>
    <Filter Include="Header Files">
      <UniqueIdentifier>{93995380-89BD-4b04-88EB-625FBE52EBFB}</UniqueIdentifier>
      <Extensions>h;hh;hpp;hxx;hm;inl;inc;ipp;xsd</Extensions>
    </Filter>
    <Filter Include="Resource Files">
      <UniqueIdentifier>{67DA6AB6-F800-4c08-8B7A-83BB121AAD01}</UniqueIdentifier>
      <Extensions>rc;ico;cur;bmp;dlg;rc2;rct;bin;rgs;gif;jpg;jpeg;jpe;resx;tiff;tif;png;wav;mfcribbon-ms</Extensions>
    </Filter>
  </ItemGroup>
  <ItemGroup>
    <ClCompile Include="WinHttp\winhttp.asyncwebsocket.statuscallback.cpp">
      <Filter>Source Files</Filter>
    </ClCompile>
    <ClCompile Include="Strings\strings.ixx" />
    <ClCompile Include="FileSystem\filesystem.file.ixx" />
    <ClCompile Include="RAII\raii.win32handle.ixx" />
    <ClCompile Include="Com\com.comthreadscope.ixx" />
    <ClCompile Include="Compression\compression.ixx" />
    <ClCompile Include="Compression\compression.compressor.ixx" />
    <ClCompile Include="Compression\compression.decompressor.ixx" />
    <ClCompile Include="Time\time.ixx" />
    <ClCompile Include="Process\process.dynamiclinklibrary.ixx" />
    <ClCompile Include="Util\util.ixx" />
    <ClCompile Include="DataStructures\datastructures.cappedstack.ixx" />
    <ClCompile Include="DataStructures\datastructures.singlylinkedlist.ixx" />
    <ClCompile Include="DataStructures\datastructures.ixx" />
    <ClCompile Include="Registry\registry.key.ixx" />
    <ClCompile Include="Registry\registry.functions.ixx" />
    <ClCompile Include="Registry\registry.ixx" />
    <ClCompile Include="TaskScheduler\taskscheduler.taskfolder.ixx" />
    <ClCompile Include="TaskScheduler\taskscheduler.taskservice.ixx" />
    <ClCompile Include="TaskScheduler\taskscheduler.ixx" />
    <ClCompile Include="Error\error.functions.ixx" />
    <ClCompile Include="Error\error.win32error.ixx" />
    <ClCompile Include="Error\error.ixx" />
    <ClCompile Include="Error\error.comerror.ixx" />
    <ClCompile Include="Error\error.ntstatuserror.ixx" />
    <ClCompile Include="RAII\raii.uniqueptrs.ixx" />
    <ClCompile Include="Crypto\crypto.tempcertimport.ixx" />
    <ClCompile Include="Crypto\crypto.functions.ixx" />
    <ClCompile Include="Crypto\crypto.cryptokey.ixx" />
    <ClCompile Include="IPC\ipc.anonymouspipe.ixx" />
    <ClCompile Include="IPC\ipc.overlappednamedpipeclient.ixx" />
    <ClCompile Include="IPC\ipc.overlappednamedpipeserver.ixx" />
    <ClCompile Include="IPC\ipc.namedpipeclientbase.ixx" />
    <ClCompile Include="IPC\ipc.namedpipeserverbase.ixx" />
    <ClCompile Include="IPC\ipc.blockingnamedpipeserver.ixx" />
    <ClCompile Include="Crypto\crypto.certificate.ixx" />
    <ClCompile Include="Crypto\crypto.aesencryption.ixx" />
    <ClCompile Include="Security\security.functions.ixx" />
    <ClCompile Include="Security\security.token.ixx" />
    <ClCompile Include="Security\security.constants.ixx" />
    <ClCompile Include="Security\security.privatenamespace.ixx" />
    <ClCompile Include="Security\security.impersonationcontext.ixx" />
    <ClCompile Include="Security\security.securityidentifier.ixx" />
    <ClCompile Include="Crypto\crypto.securestring.ixx" />
    <ClCompile Include="Crypto\crypto.certstore.ixx" />
    <ClCompile Include="Crypto\crypto.chainingmode.ixx" />
    <ClCompile Include="Crypto\crypto.certificatechain.ixx" />
    <ClCompile Include="WinHttp\winhttp.winhttphandle.ixx" />
    <ClCompile Include="WinHttp\winhttp.httpwebclient.ixx" />
    <ClCompile Include="WinHttp\winhttp.requestresult.ixx" />
    <ClCompile Include="WindowsImagingComponent\windowsimagingcomponent.ixx" />
    <ClCompile Include="WindowsImagingComponent\windowsimagingcomponent.imagingfactory.ixx" />
    <ClCompile Include="WinHttp\winhttp.websocket.ixx" />
    <ClCompile Include="WinHttp\winhttp.asyncwebsocket.ixx" />
    <ClCompile Include="WinHttp\winhttp.enums.ixx" />
    <ClCompile Include="FileSystem\filesystem.ixx" />
    <ClCompile Include="WinHttp\winhttp.asyncwebsocketsettings.ixx" />
    <ClCompile Include="WinHttp\winhttp.websocketsettings.ixx" />
    <ClCompile Include="WinHttp\winhttp.proxyinfo.ixx" />
    <ClCompile Include="WinHttp\winhttp.session.ixx" />
    <ClCompile Include="Error\error.errorbase.ixx" />
    <ClCompile Include="WinHttp\winhttp.winhttperror.ixx" />
    <ClCompile Include="Security\security.securitydescriptor.ixx" />
    <ClCompile Include="IPC\ipc.blockingnamedpipeclient.ixx" />
    <ClCompile Include="IPC\ipc.ixx" />
    <ClCompile Include="Security\security.ixx" />
    <ClCompile Include="RAII\raii.ixx" />
    <ClCompile Include="Process\process.ixx" />
    <ClCompile Include="FileSystem\filesystem.functions.ixx" />
    <ClCompile Include="Com\com.ixx" />
    <ClCompile Include="Crypto\crypto.ixx" />
    <ClCompile Include="XAudio2\xaudio2.ixx" />
    <ClCompile Include="XAudio2\xaudio2.engine.ixx" />
    <ClCompile Include="XAudio2\xaudio2.voice.ixx" />
    <ClCompile Include="XAudio2\xaudio2.audiograph.ixx" />
    <ClCompile Include="XAudio2\xaudio2.masteringvoice.ixx" />
    <ClCompile Include="XAudio2\xaudio2.sourcevoice.ixx" />
    <ClCompile Include="XAudio2\xaudio2.functions.ixx" />
    <ClCompile Include="Error\error.boring32error.ixx" />
    <ClCompile Include="XAudio2\xaudio2.xaudio2error.ixx" />
    <ClCompile Include="Compression\compression.deleters.ixx" />
    <ClCompile Include="Registry\registry.value.ixx" />
    <ClCompile Include="WindowsFilteringPlatform\windowsfilteringplatform.ixx" />
    <ClCompile Include="WindowsFilteringPlatform\windowsfilteringplatform.engine.ixx" />
    <ClCompile Include="WindowsFilteringPlatform\windowsfilteringplatform.callout.ixx" />
    <ClCompile Include="WindowsFilteringPlatform\windowsfilteringplatform.provider.ixx" />
    <ClCompile Include="WindowsFilteringPlatform\windowsfilteringplatform.filter.ixx" />
    <ClCompile Include="WindowsFilteringPlatform\windowsfilteringplatform.providercontext.ixx" />
    <ClCompile Include="WindowsFilteringPlatform\windowsfilteringplatform.functions.ixx" />
    <ClCompile Include="WinSock\winsock.winsockinit.ixx" />
    <ClCompile Include="WinSock\winsock.functions.ixx" />
    <ClCompile Include="WinSock\winsock.tcpsocket.ixx" />
    <ClCompile Include="WinSock\winsock.uniqueptrs.ixx" />
    <ClCompile Include="WinSock\winsock.winsockerror.ixx" />
    <ClCompile Include="WinSock\winsock.ixx" />
    <ClCompile Include="Util\util.functions.ixx" />
    <ClCompile Include="WinHttp\winhttp.ixx" />
    <ClCompile Include="Async\async.ixx" />
    <ClCompile Include="Util\util.globallyuniqueid.ixx" />
    <ClCompile Include="Services\services.ixx" />
    <ClCompile Include="Services\services.functions.ixx" />
    <ClCompile Include="RAII\raii.handle.ixx" />
    <ClCompile Include="WinHttp\winhttp.handles.ixx" />
    <ClCompile Include="Computer\computer.ixx" />
    <ClCompile Include="Computer\computer.functions.ixx" />
    <ClCompile Include="WirelessLAN\wirelesslan.ixx" />
    <ClCompile Include="WirelessLAN\wirelesslan.session.ixx" />
    <ClCompile Include="WirelessLAN\wirelesslan.cleanup.ixx" />
    <ClCompile Include="WirelessLAN\wirelesslan.wirelessinterfaces.ixx" />
    <ClCompile Include="WirelessLAN\wirelesslan.wirelessinterface.ixx" />
    <ClCompile Include="Computer\computer.processinfo.ixx" />
    <ClCompile Include="Networking\networking.ixx" />
    <ClCompile Include="Networking\networking.api.ixx" />
    <ClCompile Include="IPC\ipc.mailslotserver.ixx" />
    <ClCompile Include="Security\security.securityattributes.ixx" />
    <ClCompile Include="boring32.ixx" />
    <ClCompile Include="Time\time.datetime.ixx" />
    <ClCompile Include="Time\time.functions.ixx" />
    <ClCompile Include="Services\services.servicecontrolmanager.ixx" />
    <ClCompile Include="Services\services.raii.ixx" />
    <ClCompile Include="Services\services.service.ixx" />
    <ClCompile Include="IO\io.ixx" />
    <ClCompile Include="IO\io.completionport.ixx" />
    <ClCompile Include="Security\security.policy.ixx" />
    <ClCompile Include="Security\security.lsaunicodestring.cpp" />
    <ClCompile Include="Logging\logging.ixx" />
    <ClCompile Include="Logging\logging.functions.ixx" />
    <ClCompile Include="SSPI\sspi.ixx" />
    <ClCompile Include="SSPI\sspi.credential.ixx" />
    <ClCompile Include="SSPI\sspi.securitycontext.ixx" />
    <ClCompile Include="MediaFoundation\mediafoundation.ixx" />
    <ClCompile Include="SSPI\sspi.types.ixx" />
    <ClCompile Include="SSPI\sspi.contextbuffer.ixx" />
    <ClCompile Include="SSPI\sspi.sizedcontextbuffer.ixx" />
    <ClCompile Include="SSPI\sspi.buffertype.ixx" />
    <ClCompile Include="Com\com.functions.ixx" />
    <ClCompile Include="SSPI\Provider\sspi.provider.credential.ixx" />
    <ClCompile Include="SSPI\Provider\sspi.provider.digest.ixx" />
    <ClCompile Include="SSPI\Provider\sspi.provider.kerberos.ixx" />
    <ClCompile Include="SSPI\Provider\sspi.provider.negotiate.ixx" />
    <ClCompile Include="SSPI\Provider\sspi.provider.ntlm.ixx" />
    <ClCompile Include="SSPI\Provider\sspi.provider.pku2u.ixx" />
    <ClCompile Include="SSPI\Provider\sspi.provider.schannel.ixx" />
    <ClCompile Include="Com\com.hresult.ixx" />
    <ClCompile Include="WinSock\winsock.socket.ixx" />
    <ClCompile Include="Memory\memory.ixx" />
    <ClCompile Include="Memory\memory.functions.ixx" />
    <ClCompile Include="Memory\memory.heap.ixx" />
    <ClCompile Include="TaskScheduler\taskscheduler.registeredtask.ixx" />
    <ClCompile Include="Util\util.enumeration.ixx" />
    <ClCompile Include="Memory\memory.virtualaddress.ixx" />
    <ClCompile Include="FileSystem\filesystem.directory.ixx" />
    <ClCompile Include="MSI\msi.ixx" />
    <ClCompile Include="MSI\msi.functions.ixx" />
    <ClCompile Include="MSI\msi.database.ixx" />
    <ClCompile Include="MSI\msi.package.ixx" />
    <ClCompile Include="MSI\msi.product.ixx" />
    <ClCompile Include="Compression\compression.cabinet.ixx" />
    <ClCompile Include="WinHttp\winhttp.decomposedurl.ixx" />
    <ClCompile Include="Native\native.defs.ixx" />
    <ClCompile Include="Native\native.ntdll.ixx" />
    <ClCompile Include="Native\native.ixx" />
    <ClCompile Include="Security\security.encodedpointer.ixx" />
    <ClCompile Include="Strings\strings.fixedstring.ixx" />
    <ClCompile Include="Util\util.range.ixx" />
    <ClCompile Include="Shell\shell.ixx" />
    <ClCompile Include="Concepts\concepts.ixx" />
    <ClCompile Include="Registry\registry.registryvalue.ixx" />
    <ClCompile Include="WinSock\winsock.resolvedname.ixx" />
    <ClCompile Include="Security\security.level.ixx" />
    <ClCompile Include="Error\error.win32errorcodes.ixx" />
    <ClCompile Include="Win32\win32.ixx" />
    <ClCompile Include="DirectX\directx.ixx" />
    <ClCompile Include="UI\ui.ixx" />
    <ClCompile Include="Security\security.credentials.ixx" />
    <ClCompile Include="Com\com.ptr.ixx" />
    <ClCompile Include="Async\async.apcthread.ixx" />
    <ClCompile Include="Async\async.cmdrunner.ixx" />
    <ClCompile Include="Async\async.criticalsection.ixx" />
    <ClCompile Include="Async\async.event.ixx" />
    <ClCompile Include="Async\async.eventloop.ixx" />
    <ClCompile Include="Async\async.filemapping.ixx" />
    <ClCompile Include="Async\async.filerangelock.ixx" />
    <ClCompile Include="Async\async.filesystemlock.ixx" />
    <ClCompile Include="Async\async.functions.ixx" />
    <ClCompile Include="Async\async.job.ixx" />
    <ClCompile Include="Async\async.memorymappedfile.ixx" />
    <ClCompile Include="Async\async.memorymappedview.ixx" />
    <ClCompile Include="Async\async.mutev.ixx" />
    <ClCompile Include="Async\async.mutex.ixx" />
    <ClCompile Include="Async\async.nullmutex.ixx" />
    <ClCompile Include="Async\async.overlapped.ixx" />
    <ClCompile Include="Async\async.overlappedio.ixx" />
    <ClCompile Include="Async\async.overlappedop.ixx" />
    <ClCompile Include="Async\async.process.ixx" />
    <ClCompile Include="Async\async.processinfo.ixx" />
    <ClCompile Include="Async\async.semaphore.ixx" />
    <ClCompile Include="Async\async.sharedmap.ixx" />
    <ClCompile Include="Async\async.slimreadwritelock.ixx" />
    <ClCompile Include="Async\async.synced.ixx" />
    <ClCompile Include="Async\async.syncedcontainer.ixx" />
    <ClCompile Include="Async\async.synchronizationbarrier.ixx" />
    <ClCompile Include="Async\async.thread.ixx" />
    <ClCompile Include="Async\async.threadpool.ixx" />
    <ClCompile Include="Async\async.threadsafevector.ixx" />
    <ClCompile Include="Async\async.timerqueue.ixx" />
    <ClCompile Include="Async\async.timerqueuetimer.ixx" />
    <ClCompile Include="Async\async.timerqueuetimercallback.ixx" />
    <ClCompile Include="Async\async.waitable.ixx" />
    <ClCompile Include="Async\async.waitableaddress.ixx" />
    <ClCompile Include="Async\async.waitabletimer.ixx" />
    <ClCompile Include="SSPI\Provider\sspi.provider.ixx" />
    <ClCompile Include="UI\ui.window.ixx" />
    <ClCompile Include="UI\ui.common.ixx" />
    <ClCompile Include="UI\ui.control.ixx" />
    <ClCompile Include="Clipboard\clipboard.ixx" />
    <ClCompile Include="Clipboard\clipboard.operation.ixx" />
    <ClCompile Include="Memory\memory.globallock.ixx" />
  </ItemGroup>
  <ItemGroup>
    <ClInclude Include="Win32\framework.h">
      <Filter>Header Files</Filter>
    </ClInclude>
  </ItemGroup>
</Project>