<?xml version="1.0" encoding="utf-8"?>
<Project ToolsVersion="4.0" xmlns="http://schemas.microsoft.com/developer/msbuild/2003">
  <ItemGroup>
    <Filter Include="Source Files">
      <UniqueIdentifier>{4FC737F1-C7A5-4376-A066-2A32D752A2FF}</UniqueIdentifier>
      <Extensions>cpp;c;cc;cxx;def;odl;idl;hpj;bat;asm;asmx</Extensions>
    </Filter>
    <Filter Include="Header Files">
      <UniqueIdentifier>{93995380-89BD-4b04-88EB-625FBE52EBFB}</UniqueIdentifier>
      <Extensions>h;hh;hpp;hxx;hm;inl;inc;ipp;xsd</Extensions>
    </Filter>
    <Filter Include="Resource Files">
      <UniqueIdentifier>{67DA6AB6-F800-4c08-8B7A-83BB121AAD01}</UniqueIdentifier>
      <Extensions>rc;ico;cur;bmp;dlg;rc2;rct;bin;rgs;gif;jpg;jpeg;jpe;resx;tiff;tif;png;wav;mfcribbon-ms</Extensions>
    </Filter>
  </ItemGroup>
  <ItemGroup>
    <ClCompile Include="WinHttp\boring32-winhttp_asyncwebsocket_statuscallback.cpp">
      <Filter>Source Files</Filter>
    </ClCompile>
    <ClCompile Include="Strings\boring32.strings.ixx" />
    <ClCompile Include="Async\boring32-async_threadpool.ixx" />
    <ClCompile Include="Async\boring32-async_semaphore.ixx" />
    <ClCompile Include="Async\boring32-async_filemapping.ixx" />
    <ClCompile Include="FileSystem\boring32-filesystem_file.ixx" />
    <ClCompile Include="RAII\boring32.raii-win32handle.ixx" />
    <ClCompile Include="COM\boring32-com_comthreadscope.ixx" />
    <ClCompile Include="Compression\boring32-compression.ixx" />
    <ClCompile Include="Compression\boring32-compression_compressor.ixx" />
    <ClCompile Include="Compression\boring32-compression_decompressor.ixx" />
    <ClCompile Include="Time\boring32-time.ixx" />
    <ClCompile Include="Process\boring32-process_dynamiclinklibrary.ixx" />
    <ClCompile Include="Util\boring32.util.ixx" />
    <ClCompile Include="DataStructures\boring32-datastructures_cappedstack.ixx" />
    <ClCompile Include="DataStructures\boring32-datastructures_singlylinkedlist.ixx" />
    <ClCompile Include="DataStructures\boring32-datastructures.ixx" />
    <ClCompile Include="Registry\boring32-registry_key.ixx" />
    <ClCompile Include="Registry\boring32-registry_functions.ixx" />
    <ClCompile Include="Registry\boring32-registry.ixx" />
    <ClCompile Include="TaskScheduler\boring32.taskscheduler-taskfolder.ixx" />
    <ClCompile Include="TaskScheduler\boring32.taskscheduler-taskservice.ixx" />
    <ClCompile Include="TaskScheduler\boring32.taskscheduler.ixx" />
    <ClCompile Include="Error\boring32.error-functions.ixx" />
    <ClCompile Include="Error\boring32.error-win32error.ixx" />
    <ClCompile Include="Error\boring32.error.ixx" />
    <ClCompile Include="Error\boring32.error-comerror.ixx" />
    <ClCompile Include="Error\boring32.error-ntstatuserror.ixx" />
    <ClCompile Include="Async\boring32-async_job.ixx" />
    <ClCompile Include="Async\boring32-async_mutex.ixx" />
    <ClCompile Include="Async\boring32-async_synchronizationbarrier.ixx" />
    <ClCompile Include="Async\boring32-async_criticalsectionlock.ixx" />
    <ClCompile Include="Async\boring32-async_waitabletimer.ixx" />
    <ClCompile Include="Async\boring32-async_event.ixx" />
    <ClCompile Include="RAII\boring32.raii-uniqueptrs.ixx" />
    <ClCompile Include="Async\boring32-async_timerqueue.ixx" />
    <ClCompile Include="Async\boring32-async_mutev.ixx" />
    <ClCompile Include="Async\boring32-async_threadsafevector.ixx" />
    <ClCompile Include="Crypto\boring32-crypto_tempcertimport.ixx" />
    <ClCompile Include="Crypto\boring32-crypto_functions.ixx" />
    <ClCompile Include="Crypto\boring32-crypto_cryptokey.ixx" />
    <ClCompile Include="Async\boring32-async_timerqueuetimer.ixx" />
    <ClCompile Include="Async\boring32-async_timerqueuetimercallback.ixx" />
    <ClCompile Include="IPC\boring32-ipc_anonymouspipe.ixx" />
    <ClCompile Include="IPC\boring32-ipc_overlappednamedpipeclient.ixx" />
    <ClCompile Include="IPC\boring32-ipc_overlappednamedpipeserver.ixx" />
    <ClCompile Include="IPC\boring32-ipc_namedpipeclientbase.ixx" />
    <ClCompile Include="IPC\boring32-ipc_namedpipeserverbase.ixx" />
    <ClCompile Include="IPC\boring32-ipc_blockingnamedpipeserver.ixx" />
    <ClCompile Include="Crypto\boring32-crypto_certificate.ixx" />
    <ClCompile Include="Crypto\boring32-crypto_aesencryption.ixx" />
    <ClCompile Include="Security\boring32-security_functions.ixx" />
    <ClCompile Include="Security\boring32-security_token.ixx" />
    <ClCompile Include="Security\boring32-security_constants.ixx" />
    <ClCompile Include="Security\boring32-security_privatenamespace.ixx" />
    <ClCompile Include="Security\boring32-security_impersonationcontext.ixx" />
    <ClCompile Include="Security\boring32-security_securityidentifier.ixx" />
    <ClCompile Include="Crypto\boring32-crypto_securestring.ixx" />
    <ClCompile Include="Crypto\boring32-crypto_certstore.ixx" />
    <ClCompile Include="Crypto\boring32-crypto_chainingmode.ixx" />
    <ClCompile Include="Crypto\boring32-crypto_certificatechain.ixx" />
    <ClCompile Include="WinHttp\boring32-winhttp_winhttphandle.ixx" />
    <ClCompile Include="WinHttp\boring32-winhttp_proxytype.ixx" />
    <ClCompile Include="WinHttp\boring32-winhttp_httpwebclient.ixx" />
    <ClCompile Include="WinHttp\boring32-winhttp_requestresult.ixx" />
    <ClCompile Include="WindowsImagingComponent\boring32-windowsimagingcomponent.ixx" />
    <ClCompile Include="WindowsImagingComponent\boring32-windowsimagingcomponent_imagingfactory.ixx" />
    <ClCompile Include="WinHttp\boring32-winhttp_websocket.ixx" />
    <ClCompile Include="WinHttp\boring32-winhttp_asyncwebsocket.ixx" />
    <ClCompile Include="WinHttp\boring32-winhttp_websocketstatus.ixx" />
    <ClCompile Include="FileSystem\boring32-filesystem.ixx" />
    <ClCompile Include="WinHttp\boring32-winhttp_asyncwebsocketsettings.ixx" />
    <ClCompile Include="WinHttp\boring32-winhttp_websocketsettings.ixx" />
    <ClCompile Include="WinHttp\boring32-winhttp_proxyinfo.ixx" />
    <ClCompile Include="WinHttp\boring32-winhttp_session.ixx" />
    <ClCompile Include="Async\boring32-async_slimreadwritelock.ixx" />
    <ClCompile Include="Async\boring32-async_eventloop.ixx" />
    <ClCompile Include="Error\boring32.error-errorbase.ixx" />
    <ClCompile Include="Util\boring32.util-switcher.ixx" />
    <ClCompile Include="WinHttp\boring32-winhttp_winhttperror.ixx" />
    <ClCompile Include="Security\boring32-security_securitydescriptor.ixx" />
    <ClCompile Include="Async\boring32-async_processinfo.ixx" />
    <ClCompile Include="Async\boring32-async_process.ixx" />
    <ClCompile Include="Async\boring32-async_memorymappedfile.ixx" />
    <ClCompile Include="IPC\boring32-ipc_blockingnamedpipeclient.ixx" />
    <ClCompile Include="IPC\boring32-ipc.ixx" />
    <ClCompile Include="Async\boring32-async_functions.ixx" />
    <ClCompile Include="Async\boring32-async_memorymappedview.ixx" />
    <ClCompile Include="Async\boring32-async_thread.ixx" />
    <ClCompile Include="Async\boring32-async_overlappedio.ixx" />
    <ClCompile Include="Async\boring32-async_overlappedop.ixx" />
    <ClCompile Include="Security\boring32-security.ixx" />
    <ClCompile Include="RAII\boring32.raii.ixx" />
    <ClCompile Include="Process\boring32-process.ixx" />
    <ClCompile Include="FileSystem\boring32-filesystem_functions.ixx" />
    <ClCompile Include="COM\boring32-com.ixx" />
    <ClCompile Include="Crypto\boring32-crypto.ixx" />
    <ClCompile Include="XAudio2\boring32-xaudio2.ixx" />
    <ClCompile Include="XAudio2\boring32-xaudio2_engine.ixx" />
    <ClCompile Include="XAudio2\boring32-xaudio2_voice.ixx" />
    <ClCompile Include="XAudio2\boring32-xaudio2_audiograph.ixx" />
    <ClCompile Include="XAudio2\boring32-xaudio2_masteringvoice.ixx" />
    <ClCompile Include="XAudio2\boring32-xaudio2_sourcevoice.ixx" />
    <ClCompile Include="XAudio2\boring32-xaudio2_functions.ixx" />
    <ClCompile Include="Error\boring32.error-boring32error.ixx" />
    <ClCompile Include="XAudio2\boring32-xaudio2_xaudio2error.ixx" />
    <ClCompile Include="Compression\boring32-compression_compressionerror.ixx" />
    <ClCompile Include="Compression\boring32-compression_deleters.ixx" />
    <ClCompile Include="Registry\boring32-registry_value.ixx" />
    <ClCompile Include="Async\boring32-async_waitableaddress.ixx" />
    <ClCompile Include="WindowsFilteringPlatform\boring32-windowsfilteringplatform.ixx" />
    <ClCompile Include="WindowsFilteringPlatform\boring32-windowsfilteringplatform_engine.ixx" />
    <ClCompile Include="WindowsFilteringPlatform\boring32-windowsfilteringplatform_callout.ixx" />
    <ClCompile Include="WindowsFilteringPlatform\boring32-windowsfilteringplatform_provider.ixx" />
    <ClCompile Include="WindowsFilteringPlatform\boring32-windowsfilteringplatform_filter.ixx" />
    <ClCompile Include="WindowsFilteringPlatform\boring32-windowsfilteringplatform_providercontext.ixx" />
    <ClCompile Include="WindowsFilteringPlatform\boring32-windowsfilteringplatform_functions.ixx" />
    <ClCompile Include="WinSock\boring32-winsock_winsockinit.ixx" />
    <ClCompile Include="WinSock\boring32-winsock_functions.ixx" />
    <ClCompile Include="WinSock\boring32-winsock_tcpsocket.ixx" />
    <ClCompile Include="WinSock\boring32-winsock_uniqueptrs.ixx" />
    <ClCompile Include="WinSock\boring32-winsock_winsockerror.ixx" />
    <ClCompile Include="WinSock\boring32-winsock.ixx" />
    <ClCompile Include="Util\boring32.util-functions.ixx" />
    <ClCompile Include="WinHttp\boring32-winhttp.ixx" />
    <ClCompile Include="Async\boring32-async.ixx" />
    <ClCompile Include="Util\boring32.util-globallyuniqueid.ixx" />
    <ClCompile Include="Services\boring32-services.ixx" />
    <ClCompile Include="Services\boring32-services_functions.ixx" />
    <ClCompile Include="RAII\boring32.raii-handle.ixx" />
    <ClCompile Include="WinHttp\boring32-winhttp_handles.ixx" />
    <ClCompile Include="Computer\boring32-computer.ixx" />
    <ClCompile Include="Computer\boring32-computer_functions.ixx" />
    <ClCompile Include="Async\boring32-async_synced.ixx" />
    <ClCompile Include="Async\boring32-async_syncedcontainer.ixx" />
    <ClCompile Include="WirelessLAN\boring32-wirelesslan.ixx" />
    <ClCompile Include="WirelessLAN\boring32-wirelesslan_session.ixx" />
    <ClCompile Include="WirelessLAN\boring32-wirelesslan_cleanup.ixx" />
    <ClCompile Include="WirelessLAN\boring32-wirelesslan_wirelessinterfaces.ixx" />
    <ClCompile Include="WirelessLAN\boring32-wirelesslan_wirelessinterface.ixx" />
    <ClCompile Include="Computer\boring32-computer_processinfo.ixx" />
    <ClCompile Include="Networking\boring32-networking.ixx" />
    <ClCompile Include="Networking\boring32-networking_api.ixx" />
    <ClCompile Include="IPC\boring32-ipc_mailslotserver.ixx" />
    <ClCompile Include="Security\boring32-security_securityattributes.ixx" />
    <ClCompile Include="boring32.ixx" />
    <ClCompile Include="Time\boring32-time_datetime.ixx" />
    <ClCompile Include="Time\boring32-time_functions.ixx" />
    <ClCompile Include="Services\boring32-services_servicecontrolmanager.ixx" />
    <ClCompile Include="Services\boring32-services_raii.ixx" />
    <ClCompile Include="Services\boring32-services_service.ixx" />
    <ClCompile Include="IO\boring32-io.ixx" />
    <ClCompile Include="IO\boring32-io_completionport.ixx" />
    <ClCompile Include="Security\boring32-security_policy.ixx" />
    <ClCompile Include="Security\boring32-security_lsaunicodestring.cpp" />
    <ClCompile Include="Logging\boring32-logging.ixx" />
    <ClCompile Include="Logging\boring32-logging_functions.ixx" />
    <ClCompile Include="SSPI\boring32-sspi.ixx" />
    <ClCompile Include="SSPI\boring32-sspi_credential.ixx" />
    <ClCompile Include="SSPI\boring32-sspi_securitycontext.ixx" />
    <ClCompile Include="MediaFoundation\boring32-mediafoundation.ixx" />
    <ClCompile Include="SSPI\boring32-sspi_types.ixx" />
    <ClCompile Include="SSPI\boring32-sspi_contextbuffer.ixx" />
    <ClCompile Include="SSPI\boring32-sspi_sizedcontextbuffer.ixx" />
    <ClCompile Include="SSPI\boring32-sspi_buffertype.ixx" />
    <ClCompile Include="COM\boring32-com_functions.ixx" />
    <ClCompile Include="SSPI\Credential\boring32-sspi_provider_credential.ixx" />
    <ClCompile Include="SSPI\Digest\boring32-sspi_provider_digest.ixx" />
    <ClCompile Include="SSPI\Kerberos\boring32-sspi_provider_kerberos.ixx" />
    <ClCompile Include="SSPI\Negotiate\boring32-sspi_provider_negotiate.ixx" />
    <ClCompile Include="SSPI\NTLM\boring32-sspi_provider_ntlm.ixx" />
    <ClCompile Include="SSPI\PKU2U\boring32-sspi_provider_pku2u.ixx" />
    <ClCompile Include="SSPI\Schannel\boring32-sspi_provider_schannel.ixx" />
    <ClCompile Include="COM\boring32-com_hresult.ixx" />
    <ClCompile Include="WinSock\boring32-winsock_socket.ixx" />
    <ClCompile Include="Memory\boring32-memory.ixx" />
    <ClCompile Include="Memory\boring32-memory-functions.ixx" />
    <ClCompile Include="Memory\boring32-memory-heap.ixx" />
    <ClCompile Include="TaskScheduler\boring32.taskscheduler-registeredtask.ixx" />
    <ClCompile Include="Util\boring32.util-enumeration.ixx" />
    <ClCompile Include="Memory\boring32-memory-virtualaddress.ixx" />
    <ClCompile Include="Async\boring32-async_sharedmap.ixx" />
    <ClCompile Include="Async\boring32-async_criticalsection.ixx" />
    <ClCompile Include="Async\boring32-async_apcthread.ixx" />
    <ClCompile Include="FileSystem\boring32-filesystem_directory.ixx" />
    <ClCompile Include="MSI\boring32-msi.ixx" />
    <ClCompile Include="MSI\boring32-msi_functions.ixx" />
    <ClCompile Include="MSI\boring32-msi_database.ixx" />
    <ClCompile Include="MSI\boring32-msi_package.ixx" />
    <ClCompile Include="MSI\boring32-msi_product.ixx" />
    <ClCompile Include="Compression\boring32-compression_cabinet.ixx" />
    <ClCompile Include="WinHttp\boring32-winhttp_decomposedurl.ixx" />
    <ClCompile Include="Native\boring32-native_defs.ixx" />
    <ClCompile Include="Native\boring32-native_ntdll.ixx" />
    <ClCompile Include="Native\boring32-native.ixx" />
    <ClCompile Include="Async\boring32-async_waitable.ixx" />
    <ClCompile Include="Compression\boring32-compression_types.ixx" />
    <ClCompile Include="Security\boring32-security_encodedpointer.ixx" />
    <ClCompile Include="StrongTypes\boring32-strongtypes.ixx" />
    <ClCompile Include="StrongTypes\boring32-strongtypes_crtp.cpp">
      <Filter>Source Files</Filter>
    </ClCompile>
    <ClCompile Include="StrongTypes\boring32-strongtypes_functionalities.ixx" />
    <ClCompile Include="StrongTypes\boring32-strongtypes_impl.ixx" />
    <ClCompile Include="Strings\boring32.strings-fixedstring.ixx" />
    <ClCompile Include="Async\boring32-async_cmdrunner.ixx" />
    <ClCompile Include="Util\boring32.util-range.ixx" />
    <ClCompile Include="Shell\boring32-shell.ixx" />
    <ClCompile Include="Concepts\boring32.concepts.ixx" />
    <ClCompile Include="Registry\boring32-registry_registryvalue.ixx" />
    <ClCompile Include="WinSock\boring32-winsock_resolvedname.ixx" />
    <ClCompile Include="Security\boring32-security_level.ixx" />
  </ItemGroup>
</Project>