<?xml version="1.0" encoding="utf-8"?>
<Project ToolsVersion="4.0" xmlns="http://schemas.microsoft.com/developer/msbuild/2003">
  <ItemGroup>
    <Filter Include="Source Files">
      <UniqueIdentifier>{4FC737F1-C7A5-4376-A066-2A32D752A2FF}</UniqueIdentifier>
      <Extensions>cpp;c;cc;cxx;c++;cppm;ixx;def;odl;idl;hpj;bat;asm;asmx</Extensions>
    </Filter>
    <Filter Include="Header Files">
      <UniqueIdentifier>{93995380-89BD-4b04-88EB-625FBE52EBFB}</UniqueIdentifier>
      <Extensions>h;hh;hpp;hxx;h++;hm;inl;inc;ipp;xsd</Extensions>
    </Filter>
    <Filter Include="Resource Files">
      <UniqueIdentifier>{67DA6AB6-F800-4c08-8B7A-83BB121AAD01}</UniqueIdentifier>
      <Extensions>rc;ico;cur;bmp;dlg;rc2;rct;bin;rgs;gif;jpg;jpeg;jpe;resx;tiff;tif;png;wav;mfcribbon-ms</Extensions>
    </Filter>
  </ItemGroup>
  <ItemGroup>
    <ClCompile Include="pch.cpp">
      <Filter>Source Files</Filter>
    </ClCompile>
    <ClCompile Include="Async\functions.cpp">
      <Filter>Source Files</Filter>
    </ClCompile>
    <ClCompile Include="Async\event.cpp">
      <Filter>Source Files</Filter>
    </ClCompile>
    <ClCompile Include="Async\eventloop.cpp">
      <Filter>Source Files</Filter>
    </ClCompile>
    <ClCompile Include="Async\filemapping.cpp">
      <Filter>Source Files</Filter>
    </ClCompile>
    <ClCompile Include="Async\memorymappedview.cpp">
      <Filter>Source Files</Filter>
    </ClCompile>
    <ClCompile Include="Async\mutex.cpp">
      <Filter>Source Files</Filter>
    </ClCompile>
    <ClCompile Include="Async\semaphore.cpp">
      <Filter>Source Files</Filter>
    </ClCompile>
    <ClCompile Include="Async\threadpool.cpp">
      <Filter>Source Files</Filter>
    </ClCompile>
    <ClCompile Include="Async\waitabletimer.cpp">
      <Filter>Source Files</Filter>
    </ClCompile>
    <ClCompile Include="COM\comthreadscope.cpp">
      <Filter>Source Files</Filter>
    </ClCompile>
    <ClCompile Include="Compression\compressor.cpp">
      <Filter>Source Files</Filter>
    </ClCompile>
    <ClCompile Include="Compression\decompressor.cpp">
      <Filter>Source Files</Filter>
    </ClCompile>
    <ClCompile Include="Computer\functions.cpp">
      <Filter>Source Files</Filter>
    </ClCompile>
    <ClCompile Include="Crypto\aesencryption.cpp">
      <Filter>Source Files</Filter>
    </ClCompile>
    <ClCompile Include="Crypto\certificate.cpp">
      <Filter>Source Files</Filter>
    </ClCompile>
    <ClCompile Include="Crypto\certstore.cpp">
      <Filter>Source Files</Filter>
    </ClCompile>
    <ClCompile Include="Crypto\crypto.cpp">
      <Filter>Source Files</Filter>
    </ClCompile>
    <ClCompile Include="Crypto\securestring.cpp">
      <Filter>Source Files</Filter>
    </ClCompile>
    <ClCompile Include="DataStructures\cappedstack.cpp">
      <Filter>Source Files</Filter>
    </ClCompile>
    <ClCompile Include="DataStructures\singlylinkedlist.cpp">
      <Filter>Source Files</Filter>
    </ClCompile>
    <ClCompile Include="Error\functions.cpp">
      <Filter>Source Files</Filter>
    </ClCompile>
    <ClCompile Include="Registry\key.cpp">
      <Filter>Source Files</Filter>
    </ClCompile>
    <ClCompile Include="Security\securitydescriptor.cpp">
      <Filter>Source Files</Filter>
    </ClCompile>
    <ClCompile Include="Security\functions.cpp">
      <Filter>Source Files</Filter>
    </ClCompile>
    <ClCompile Include="Services\servicecontrolmanager.cpp">
      <Filter>Source Files</Filter>
    </ClCompile>
    <ClCompile Include="Strings\functions.cpp">
      <Filter>Source Files</Filter>
    </ClCompile>
    <ClCompile Include="Time\datetime.cpp">
      <Filter>Source Files</Filter>
    </ClCompile>
    <ClCompile Include="Util\functions.cpp">
      <Filter>Source Files</Filter>
    </ClCompile>
    <ClCompile Include="Util\globallyuniqueid.cpp">
      <Filter>Source Files</Filter>
    </ClCompile>
    <ClCompile Include="WinHttp\session.cpp">
      <Filter>Source Files</Filter>
    </ClCompile>
    <ClCompile Include="WinSock\socket.cpp">
      <Filter>Source Files</Filter>
    </ClCompile>
    <ClCompile Include="WinSock\winsockinit.cpp">
      <Filter>Source Files</Filter>
    </ClCompile>
    <ClCompile Include="Win32\ntdll.cpp">
      <Filter>Source Files</Filter>
    </ClCompile>
    <ClCompile Include="TaskScheduler\registeredtask.cpp">
      <Filter>Source Files</Filter>
    </ClCompile>
    <ClCompile Include="TaskScheduler\taskfolder.cpp">
      <Filter>Source Files</Filter>
    </ClCompile>
    <ClCompile Include="TaskScheduler\taskservice.cpp">
      <Filter>Source Files</Filter>
    </ClCompile>
    <ClCompile Include="COM\hresult.cpp">
      <Filter>Source Files</Filter>
    </ClCompile>
    <ClCompile Include="Error\win32error.cpp">
      <Filter>Source Files</Filter>
    </ClCompile>
    <ClCompile Include="Error\comerror.cpp">
      <Filter>Source Files</Filter>
    </ClCompile>
    <ClCompile Include="Error\ntstatuserror.cpp">
      <Filter>Source Files</Filter>
    </ClCompile>
    <ClCompile Include="Error\boring32error.cpp">
      <Filter>Source Files</Filter>
    </ClCompile>
    <ClCompile Include="Error\errorbase.cpp">
      <Filter>Source Files</Filter>
    </ClCompile>
    <ClCompile Include="Async\sharedmap.cpp">
      <Filter>Source Files</Filter>
    </ClCompile>
    <ClCompile Include="Async\apcthread.cpp">
      <Filter>Source Files</Filter>
    </ClCompile>
    <ClCompile Include="Async\timerqueue.cpp">
      <Filter>Source Files</Filter>
    </ClCompile>
    <ClCompile Include="Async\timerqueuetimercallback.cpp">
      <Filter>Source Files</Filter>
    </ClCompile>
    <ClCompile Include="MSI\functions.cpp">
      <Filter>Source Files</Filter>
    </ClCompile>
    <ClCompile Include="Networking\api.cpp">
      <Filter>Source Files</Filter>
    </ClCompile>
    <ClCompile Include="MSI\package.cpp">
      <Filter>Source Files</Filter>
    </ClCompile>
    <ClCompile Include="WinHttp\decomposedurl.cpp">
      <Filter>Source Files</Filter>
    </ClCompile>
    <ClCompile Include="Async\waitable.cpp">
      <Filter>Source Files</Filter>
    </ClCompile>
    <ClCompile Include="Strings\fixedstring.cpp">
      <Filter>Source Files</Filter>
    </ClCompile>
    <ClCompile Include="WinHttp\httpwebclient.cpp">
      <Filter>Source Files</Filter>
    </ClCompile>
    <ClCompile Include="Security\token.cpp">
      <Filter>Source Files</Filter>
    </ClCompile>
    <ClCompile Include="Security\securityidentifier.cpp">
      <Filter>Source Files</Filter>
    </ClCompile>
    <ClCompile Include="Services\functions.cpp">
      <Filter>Source Files</Filter>
    </ClCompile>
    <ClCompile Include="Async\threadsafevector.cpp">
      <Filter>Source Files</Filter>
    </ClCompile>
    <ClCompile Include="MSI\database.cpp">
      <Filter>Source Files</Filter>
    </ClCompile>
    <ClCompile Include="Async\filerangelock.cpp">
      <Filter>Source Files</Filter>
    </ClCompile>
    <ClCompile Include="Async\filesystemlock.cpp">
      <Filter>Source Files</Filter>
    </ClCompile>
    <ClCompile Include="COM\ptr.cpp">
      <Filter>Source Files</Filter>
    </ClCompile>
    <ClCompile Include="Clipboard\operation.cpp">
      <Filter>Source Files</Filter>
    </ClCompile>
    <ClCompile Include="Async\job.cpp">
      <Filter>Source Files</Filter>
    </ClCompile>
    <ClCompile Include="Ipc\mailslotserver.cpp">
      <Filter>Source Files</Filter>
    </ClCompile>
  </ItemGroup>
  <ItemGroup>
    <ClInclude Include="pch.h">
      <Filter>Header Files</Filter>
    </ClInclude>
  </ItemGroup>
</Project>