<?xml version="1.0" encoding="utf-8"?>
<Project ToolsVersion="4.0" xmlns="http://schemas.microsoft.com/developer/msbuild/2003">
  <ItemGroup>
    <Filter Include="Source Files">
      <UniqueIdentifier>{4FC737F1-C7A5-4376-A066-2A32D752A2FF}</UniqueIdentifier>
      <Extensions>cpp;c;cc;cxx;c++;cppm;ixx;def;odl;idl;hpj;bat;asm;asmx</Extensions>
    </Filter>
    <Filter Include="Header Files">
      <UniqueIdentifier>{93995380-89BD-4b04-88EB-625FBE52EBFB}</UniqueIdentifier>
      <Extensions>h;hh;hpp;hxx;h++;hm;inl;inc;ipp;xsd</Extensions>
    </Filter>
    <Filter Include="Resource Files">
      <UniqueIdentifier>{67DA6AB6-F800-4c08-8B7A-83BB121AAD01}</UniqueIdentifier>
      <Extensions>rc;ico;cur;bmp;dlg;rc2;rct;bin;rgs;gif;jpg;jpeg;jpe;resx;tiff;tif;png;wav;mfcribbon-ms</Extensions>
    </Filter>
  </ItemGroup>
  <ItemGroup>
    <ClCompile Include="pch.cpp">
      <Filter>Source Files</Filter>
    </ClCompile>
    <ClCompile Include="Async\boring32.async-functions.cpp">
      <Filter>Source Files</Filter>
    </ClCompile>
    <ClCompile Include="Async\boring32.async-event.cpp">
      <Filter>Source Files</Filter>
    </ClCompile>
    <ClCompile Include="Async\boring32.async-eventloop.cpp">
      <Filter>Source Files</Filter>
    </ClCompile>
    <ClCompile Include="Async\boring32.async-filemapping.cpp">
      <Filter>Source Files</Filter>
    </ClCompile>
    <ClCompile Include="Async\boring32.async-mutex.cpp">
      <Filter>Source Files</Filter>
    </ClCompile>
    <ClCompile Include="Async\boring32.async-semaphore.cpp">
      <Filter>Source Files</Filter>
    </ClCompile>
    <ClCompile Include="Async\boring32.async-threadpool.cpp">
      <Filter>Source Files</Filter>
    </ClCompile>
    <ClCompile Include="Async\boring32.async-waitabletimer.cpp">
      <Filter>Source Files</Filter>
    </ClCompile>
    <ClCompile Include="COM\boring32.com-comthreadscope.cpp">
      <Filter>Source Files</Filter>
    </ClCompile>
    <ClCompile Include="Compression\boring32.compression-compressor.cpp">
      <Filter>Source Files</Filter>
    </ClCompile>
    <ClCompile Include="Compression\boring32.compression-decompressor.cpp">
      <Filter>Source Files</Filter>
    </ClCompile>
    <ClCompile Include="Computer\boring32.computer-functions.cpp">
      <Filter>Source Files</Filter>
    </ClCompile>
    <ClCompile Include="Crypto\boring32.crypto-aesencryption.cpp">
      <Filter>Source Files</Filter>
    </ClCompile>
    <ClCompile Include="Crypto\boring32.crypto-certificate.cpp">
      <Filter>Source Files</Filter>
    </ClCompile>
    <ClCompile Include="Crypto\boring32.crypto-certstore.cpp">
      <Filter>Source Files</Filter>
    </ClCompile>
    <ClCompile Include="Crypto\boring32.crypto-crypto.cpp">
      <Filter>Source Files</Filter>
    </ClCompile>
    <ClCompile Include="Crypto\boring32.crypto-securestring.cpp">
      <Filter>Source Files</Filter>
    </ClCompile>
    <ClCompile Include="DataStructures\boring32.datastructures-cappedstack.cpp">
      <Filter>Source Files</Filter>
    </ClCompile>
    <ClCompile Include="DataStructures\boring32.datastructures-singlylinkedlist.cpp">
      <Filter>Source Files</Filter>
    </ClCompile>
    <ClCompile Include="Error\boring32.error-functions.cpp">
      <Filter>Source Files</Filter>
    </ClCompile>
    <ClCompile Include="Registry\boring32.registry-key.cpp">
      <Filter>Source Files</Filter>
    </ClCompile>
    <ClCompile Include="Security\boring32.security-securitydescriptor.cpp">
      <Filter>Source Files</Filter>
    </ClCompile>
    <ClCompile Include="Security\boring32.security-functions.cpp">
      <Filter>Source Files</Filter>
    </ClCompile>
    <ClCompile Include="Services\boring32.services-servicecontrolmanager.cpp">
      <Filter>Source Files</Filter>
    </ClCompile>
    <ClCompile Include="Strings\boring32.strings-functions.cpp">
      <Filter>Source Files</Filter>
    </ClCompile>
    <ClCompile Include="Time\boring32.time-datetime.cpp">
      <Filter>Source Files</Filter>
    </ClCompile>
    <ClCompile Include="Util\boring32.util-functions.cpp">
      <Filter>Source Files</Filter>
    </ClCompile>
    <ClCompile Include="Util\boring32.util-globallyuniqueid.cpp">
      <Filter>Source Files</Filter>
    </ClCompile>
    <ClCompile Include="WinHttp\boring32.winhttp-session.cpp">
      <Filter>Source Files</Filter>
    </ClCompile>
    <ClCompile Include="WinSock\boring32.winsock-socket.cpp">
      <Filter>Source Files</Filter>
    </ClCompile>
    <ClCompile Include="WinSock\boring32.winsock-winsockinit.cpp">
      <Filter>Source Files</Filter>
    </ClCompile>
    <ClCompile Include="Win32\boring32.win32-ntdll.cpp">
      <Filter>Source Files</Filter>
    </ClCompile>
    <ClCompile Include="TaskScheduler\boring32.taskscheduler-registeredtask.cpp">
      <Filter>Source Files</Filter>
    </ClCompile>
    <ClCompile Include="TaskScheduler\boring32.taskscheduler-taskfolder.cpp">
      <Filter>Source Files</Filter>
    </ClCompile>
    <ClCompile Include="TaskScheduler\boring32.taskscheduler-taskservice.cpp">
      <Filter>Source Files</Filter>
    </ClCompile>
    <ClCompile Include="COM\boring32.com-hresult.cpp">
      <Filter>Source Files</Filter>
    </ClCompile>
    <ClCompile Include="Error\boring32.error-win32error.cpp">
      <Filter>Source Files</Filter>
    </ClCompile>
    <ClCompile Include="Error\boring32.error-comerror.cpp">
      <Filter>Source Files</Filter>
    </ClCompile>
    <ClCompile Include="Error\boring32.error-ntstatuserror.cpp">
      <Filter>Source Files</Filter>
    </ClCompile>
    <ClCompile Include="Error\boring32.error-boring32error.cpp">
      <Filter>Source Files</Filter>
    </ClCompile>
    <ClCompile Include="Error\boring32.error-errorbase.cpp">
      <Filter>Source Files</Filter>
    </ClCompile>
    <ClCompile Include="Async\boring32.async-sharedmap.cpp">
      <Filter>Source Files</Filter>
    </ClCompile>
    <ClCompile Include="Async\boring32.async-apcthread.cpp">
      <Filter>Source Files</Filter>
    </ClCompile>
    <ClCompile Include="Async\boring32.async-timerqueue.cpp">
      <Filter>Source Files</Filter>
    </ClCompile>
    <ClCompile Include="Async\boring32.async-timerqueuetimercallback.cpp">
      <Filter>Source Files</Filter>
    </ClCompile>
    <ClCompile Include="MSI\boring32-msi_functions.cpp">
      <Filter>Source Files</Filter>
    </ClCompile>
    <ClCompile Include="Networking\boring32-networking_api.cpp">
      <Filter>Source Files</Filter>
    </ClCompile>
    <ClCompile Include="MSI\boring32-msi_package.cpp">
      <Filter>Source Files</Filter>
    </ClCompile>
    <ClCompile Include="WinHttp\boring32.winhttp-decomposedurl.cpp">
      <Filter>Source Files</Filter>
    </ClCompile>
    <ClCompile Include="Async\boring32.async-waitable.cpp">
      <Filter>Source Files</Filter>
    </ClCompile>
    <ClCompile Include="Strings\boring32-strings_fixedstring.cpp">
      <Filter>Source Files</Filter>
    </ClCompile>
    <ClCompile Include="WinHttp\boring32.winhttp-httpwebclient.cpp">
      <Filter>Source Files</Filter>
    </ClCompile>
    <ClCompile Include="Security\boring32.security-token.cpp">
      <Filter>Source Files</Filter>
    </ClCompile>
    <ClCompile Include="Security\boring32.security-securityidentifier.cpp">
      <Filter>Source Files</Filter>
    </ClCompile>
    <ClCompile Include="Services\boring32.services-functions.cpp">
      <Filter>Source Files</Filter>
    </ClCompile>
    <ClCompile Include="Async\boring32-async_threadsafevector.cpp">
      <Filter>Source Files</Filter>
    </ClCompile>
    <ClCompile Include="MSI\boring32-msi_database.cpp">
      <Filter>Source Files</Filter>
    </ClCompile>
  </ItemGroup>
  <ItemGroup>
    <ClInclude Include="pch.h">
      <Filter>Header Files</Filter>
    </ClInclude>
  </ItemGroup>
</Project>