<?xml version="1.0" encoding="utf-8"?>
<Project ToolsVersion="4.0" xmlns="http://schemas.microsoft.com/developer/msbuild/2003">
  <ItemGroup>
    <Filter Include="Source Files">
      <UniqueIdentifier>{4FC737F1-C7A5-4376-A066-2A32D752A2FF}</UniqueIdentifier>
      <Extensions>cpp;c;cc;cxx;c++;cppm;ixx;def;odl;idl;hpj;bat;asm;asmx</Extensions>
    </Filter>
    <Filter Include="Header Files">
      <UniqueIdentifier>{93995380-89BD-4b04-88EB-625FBE52EBFB}</UniqueIdentifier>
      <Extensions>h;hh;hpp;hxx;h++;hm;inl;inc;ipp;xsd</Extensions>
    </Filter>
    <Filter Include="Resource Files">
      <UniqueIdentifier>{67DA6AB6-F800-4c08-8B7A-83BB121AAD01}</UniqueIdentifier>
      <Extensions>rc;ico;cur;bmp;dlg;rc2;rct;bin;rgs;gif;jpg;jpeg;jpe;resx;tiff;tif;png;wav;mfcribbon-ms</Extensions>
    </Filter>
  </ItemGroup>
  <ItemGroup>
    <ClCompile Include="pch.cpp">
      <Filter>Source Files</Filter>
    </ClCompile>
    <ClCompile Include="Async\async.functions.cpp">
      <Filter>Source Files</Filter>
    </ClCompile>
    <ClCompile Include="Async\async.event.cpp">
      <Filter>Source Files</Filter>
    </ClCompile>
    <ClCompile Include="Async\async.eventloop.cpp">
      <Filter>Source Files</Filter>
    </ClCompile>
    <ClCompile Include="Async\async.filemapping.cpp">
      <Filter>Source Files</Filter>
    </ClCompile>
    <ClCompile Include="Async\async.mutex.cpp">
      <Filter>Source Files</Filter>
    </ClCompile>
    <ClCompile Include="Async\async.semaphore.cpp">
      <Filter>Source Files</Filter>
    </ClCompile>
    <ClCompile Include="Async\async.threadpool.cpp">
      <Filter>Source Files</Filter>
    </ClCompile>
    <ClCompile Include="Async\async.waitabletimer.cpp">
      <Filter>Source Files</Filter>
    </ClCompile>
    <ClCompile Include="COM\com.comthreadscope.cpp">
      <Filter>Source Files</Filter>
    </ClCompile>
    <ClCompile Include="Compression\compression.compressor.cpp">
      <Filter>Source Files</Filter>
    </ClCompile>
    <ClCompile Include="Compression\compression.decompressor.cpp">
      <Filter>Source Files</Filter>
    </ClCompile>
    <ClCompile Include="Computer\computer.functions.cpp">
      <Filter>Source Files</Filter>
    </ClCompile>
    <ClCompile Include="Crypto\crypto.aesencryption.cpp">
      <Filter>Source Files</Filter>
    </ClCompile>
    <ClCompile Include="Crypto\crypto.certificate.cpp">
      <Filter>Source Files</Filter>
    </ClCompile>
    <ClCompile Include="Crypto\crypto.certstore.cpp">
      <Filter>Source Files</Filter>
    </ClCompile>
    <ClCompile Include="Crypto\crypto.crypto.cpp">
      <Filter>Source Files</Filter>
    </ClCompile>
    <ClCompile Include="Crypto\crypto.securestring.cpp">
      <Filter>Source Files</Filter>
    </ClCompile>
    <ClCompile Include="DataStructures\datastructures.cappedstack.cpp">
      <Filter>Source Files</Filter>
    </ClCompile>
    <ClCompile Include="DataStructures\datastructures.singlylinkedlist.cpp">
      <Filter>Source Files</Filter>
    </ClCompile>
    <ClCompile Include="Error\error.functions.cpp">
      <Filter>Source Files</Filter>
    </ClCompile>
    <ClCompile Include="Registry\registry.key.cpp">
      <Filter>Source Files</Filter>
    </ClCompile>
    <ClCompile Include="Security\security.securitydescriptor.cpp">
      <Filter>Source Files</Filter>
    </ClCompile>
    <ClCompile Include="Security\security.functions.cpp">
      <Filter>Source Files</Filter>
    </ClCompile>
    <ClCompile Include="Services\services.servicecontrolmanager.cpp">
      <Filter>Source Files</Filter>
    </ClCompile>
    <ClCompile Include="Strings\strings.functions.cpp">
      <Filter>Source Files</Filter>
    </ClCompile>
    <ClCompile Include="Time\time.datetime.cpp">
      <Filter>Source Files</Filter>
    </ClCompile>
    <ClCompile Include="Util\util-functions.cpp">
      <Filter>Source Files</Filter>
    </ClCompile>
    <ClCompile Include="Util\util.globallyuniqueid.cpp">
      <Filter>Source Files</Filter>
    </ClCompile>
    <ClCompile Include="WinHttp\winhttp.session.cpp">
      <Filter>Source Files</Filter>
    </ClCompile>
    <ClCompile Include="WinSock\winsock.socket.cpp">
      <Filter>Source Files</Filter>
    </ClCompile>
    <ClCompile Include="WinSock\winsock.winsockinit.cpp">
      <Filter>Source Files</Filter>
    </ClCompile>
    <ClCompile Include="Win32\win32.ntdll.cpp">
      <Filter>Source Files</Filter>
    </ClCompile>
    <ClCompile Include="TaskScheduler\taskscheduler.registeredtask.cpp">
      <Filter>Source Files</Filter>
    </ClCompile>
    <ClCompile Include="TaskScheduler\taskscheduler.taskfolder.cpp">
      <Filter>Source Files</Filter>
    </ClCompile>
    <ClCompile Include="TaskScheduler\taskscheduler.taskservice.cpp">
      <Filter>Source Files</Filter>
    </ClCompile>
    <ClCompile Include="COM\com.hresult.cpp">
      <Filter>Source Files</Filter>
    </ClCompile>
    <ClCompile Include="Error\error.win32error.cpp">
      <Filter>Source Files</Filter>
    </ClCompile>
    <ClCompile Include="Error\error.comerror.cpp">
      <Filter>Source Files</Filter>
    </ClCompile>
    <ClCompile Include="Error\error.ntstatuserror.cpp">
      <Filter>Source Files</Filter>
    </ClCompile>
    <ClCompile Include="Error\error.boring32error.cpp">
      <Filter>Source Files</Filter>
    </ClCompile>
    <ClCompile Include="Error\error.errorbase.cpp">
      <Filter>Source Files</Filter>
    </ClCompile>
    <ClCompile Include="Async\async.sharedmap.cpp">
      <Filter>Source Files</Filter>
    </ClCompile>
    <ClCompile Include="Async\async.apcthread.cpp">
      <Filter>Source Files</Filter>
    </ClCompile>
    <ClCompile Include="Async\async.timerqueue.cpp">
      <Filter>Source Files</Filter>
    </ClCompile>
    <ClCompile Include="Async\async.timerqueuetimercallback.cpp">
      <Filter>Source Files</Filter>
    </ClCompile>
    <ClCompile Include="MSI\msi.functions.cpp">
      <Filter>Source Files</Filter>
    </ClCompile>
    <ClCompile Include="Networking\networking.api.cpp">
      <Filter>Source Files</Filter>
    </ClCompile>
    <ClCompile Include="MSI\msi.package.cpp">
      <Filter>Source Files</Filter>
    </ClCompile>
    <ClCompile Include="WinHttp\winhttp.decomposedurl.cpp">
      <Filter>Source Files</Filter>
    </ClCompile>
    <ClCompile Include="Async\async.waitable.cpp">
      <Filter>Source Files</Filter>
    </ClCompile>
    <ClCompile Include="Strings\strings.fixedstring.cpp">
      <Filter>Source Files</Filter>
    </ClCompile>
    <ClCompile Include="WinHttp\winhttp.httpwebclient.cpp">
      <Filter>Source Files</Filter>
    </ClCompile>
    <ClCompile Include="Security\security.token.cpp">
      <Filter>Source Files</Filter>
    </ClCompile>
    <ClCompile Include="Security\security.securityidentifier.cpp">
      <Filter>Source Files</Filter>
    </ClCompile>
    <ClCompile Include="Services\services.functions.cpp">
      <Filter>Source Files</Filter>
    </ClCompile>
    <ClCompile Include="Async\async.threadsafevector.cpp">
      <Filter>Source Files</Filter>
    </ClCompile>
    <ClCompile Include="MSI\msi.database.cpp">
      <Filter>Source Files</Filter>
    </ClCompile>
    <ClCompile Include="Async\async.filerangelock.cpp">
      <Filter>Source Files</Filter>
    </ClCompile>
    <ClCompile Include="Async\async.filesystemlock.cpp">
      <Filter>Source Files</Filter>
    </ClCompile>
    <ClCompile Include="COM\com.ptr.cpp">
      <Filter>Source Files</Filter>
    </ClCompile>
    <ClCompile Include="Clipboard\clipboard.operation.cpp">
      <Filter>Source Files</Filter>
    </ClCompile>
  </ItemGroup>
  <ItemGroup>
    <ClInclude Include="pch.h">
      <Filter>Header Files</Filter>
    </ClInclude>
  </ItemGroup>
</Project>