
Microsoft Visual Studio Solution File, Format Version 12.00
# Visual Studio Version 17
VisualStudioVersion = 17.2.32602.215
MinimumVisualStudioVersion = 10.0.40219.1
Project("{8BC9CEB8-8B4A-11D0-8D11-00A0C91BC942}") = "Boring32", "Boring32\Boring32.vcxproj", "{32C00709-6709-46D8-9167-4456047A2060}"
EndProject
Project("{8BC9CEB8-8B4A-11D0-8D11-00A0C91BC942}") = "Boring32.Tests", "Boring32.Tests\Boring32.Tests.vcxproj", "{2AD9E4D4-E614-4A27-99AE-7DDDD232198B}"
	ProjectSection(ProjectDependencies) = postProject
		{32C00709-6709-46D8-9167-4456047A2060} = {32C00709-6709-46D8-9167-4456047A2060}
	EndProjectSection
EndProject
Project("{2150E333-8FDC-42A3-9474-1A3956D46DE8}") = "1. Project", "1. Project", "{D0A87C4F-7445-4610-9BED-45E23E9D0748}"
EndProject
Project("{2150E333-8FDC-42A3-9474-1A3956D46DE8}") = "2. Tests", "2. Tests", "{47924AC7-C015-4C89-84A2-1921BF181291}"
EndProject
Project("{8BC9CEB8-8B4A-11D0-8D11-00A0C91BC942}") = "TestProcess", "TestProcess\TestProcess.vcxproj", "{373653F1-54FC-459D-B4E4-10D0E52FB1DD}"
EndProject
Project("{2150E333-8FDC-42A3-9474-1A3956D46DE8}") = "Manual", "Manual", "{8515BDBB-B8A0-44D4-916C-90C6F9C5A255}"
EndProject
Project("{8BC9CEB8-8B4A-11D0-8D11-00A0C91BC942}") = "Boring32.Shared", "boring32.shared\boring32.shared.vcxproj", "{776FAD4B-C69B-4BAB-AD31-0022EC8AE66F}"
EndProject
Project("{8BC9CEB8-8B4A-11D0-8D11-00A0C91BC942}") = "Boring32.UnitTests.Gen2", "Boring32.UnitTests.Gen2\Boring32.UnitTests.Gen2.vcxproj", "{90CC9774-3C9B-488A-BE98-E55A034EB96B}"
EndProject
Project("{8BC9CEB8-8B4A-11D0-8D11-00A0C91BC942}") = "Boring32.UnitTests", "Boring32.UnitTests\Boring32.UnitTests.vcxproj", "{66483625-A8AE-43EA-87BF-AD253AA0FCA7}"
EndProject
Global
	GlobalSection(SolutionConfigurationPlatforms) = preSolution
		Debug|x64 = Debug|x64
		Debug|x86 = Debug|x86
		Release|x64 = Release|x64
		Release|x86 = Release|x86
	EndGlobalSection
	GlobalSection(ProjectConfigurationPlatforms) = postSolution
		{32C00709-6709-46D8-9167-4456047A2060}.Debug|x64.ActiveCfg = Debug|x64
		{32C00709-6709-46D8-9167-4456047A2060}.Debug|x64.Build.0 = Debug|x64
		{32C00709-6709-46D8-9167-4456047A2060}.Debug|x86.ActiveCfg = Debug|Win32
		{32C00709-6709-46D8-9167-4456047A2060}.Debug|x86.Build.0 = Debug|Win32
		{32C00709-6709-46D8-9167-4456047A2060}.Release|x64.ActiveCfg = Release|x64
		{32C00709-6709-46D8-9167-4456047A2060}.Release|x64.Build.0 = Release|x64
		{32C00709-6709-46D8-9167-4456047A2060}.Release|x86.ActiveCfg = Release|Win32
		{32C00709-6709-46D8-9167-4456047A2060}.Release|x86.Build.0 = Release|Win32
		{2AD9E4D4-E614-4A27-99AE-7DDDD232198B}.Debug|x64.ActiveCfg = Debug|x64
		{2AD9E4D4-E614-4A27-99AE-7DDDD232198B}.Debug|x64.Build.0 = Debug|x64
		{2AD9E4D4-E614-4A27-99AE-7DDDD232198B}.Debug|x86.ActiveCfg = Debug|Win32
		{2AD9E4D4-E614-4A27-99AE-7DDDD232198B}.Debug|x86.Build.0 = Debug|Win32
		{2AD9E4D4-E614-4A27-99AE-7DDDD232198B}.Release|x64.ActiveCfg = Release|x64
		{2AD9E4D4-E614-4A27-99AE-7DDDD232198B}.Release|x64.Build.0 = Release|x64
		{2AD9E4D4-E614-4A27-99AE-7DDDD232198B}.Release|x86.ActiveCfg = Release|Win32
		{2AD9E4D4-E614-4A27-99AE-7DDDD232198B}.Release|x86.Build.0 = Release|Win32
		{373653F1-54FC-459D-B4E4-10D0E52FB1DD}.Debug|x64.ActiveCfg = Debug|x64
		{373653F1-54FC-459D-B4E4-10D0E52FB1DD}.Debug|x64.Build.0 = Debug|x64
		{373653F1-54FC-459D-B4E4-10D0E52FB1DD}.Debug|x86.ActiveCfg = Debug|Win32
		{373653F1-54FC-459D-B4E4-10D0E52FB1DD}.Debug|x86.Build.0 = Debug|Win32
		{373653F1-54FC-459D-B4E4-10D0E52FB1DD}.Release|x64.ActiveCfg = Release|x64
		{373653F1-54FC-459D-B4E4-10D0E52FB1DD}.Release|x64.Build.0 = Release|x64
		{373653F1-54FC-459D-B4E4-10D0E52FB1DD}.Release|x86.ActiveCfg = Release|Win32
		{373653F1-54FC-459D-B4E4-10D0E52FB1DD}.Release|x86.Build.0 = Release|Win32
		{776FAD4B-C69B-4BAB-AD31-0022EC8AE66F}.Debug|x64.ActiveCfg = Debug|x64
		{776FAD4B-C69B-4BAB-AD31-0022EC8AE66F}.Debug|x64.Build.0 = Debug|x64
		{776FAD4B-C69B-4BAB-AD31-0022EC8AE66F}.Debug|x86.ActiveCfg = Debug|Win32
		{776FAD4B-C69B-4BAB-AD31-0022EC8AE66F}.Debug|x86.Build.0 = Debug|Win32
		{776FAD4B-C69B-4BAB-AD31-0022EC8AE66F}.Release|x64.ActiveCfg = Release|x64
		{776FAD4B-C69B-4BAB-AD31-0022EC8AE66F}.Release|x64.Build.0 = Release|x64
		{776FAD4B-C69B-4BAB-AD31-0022EC8AE66F}.Release|x86.ActiveCfg = Release|Win32
		{776FAD4B-C69B-4BAB-AD31-0022EC8AE66F}.Release|x86.Build.0 = Release|Win32
		{90CC9774-3C9B-488A-BE98-E55A034EB96B}.Debug|x64.ActiveCfg = Debug|x64
		{90CC9774-3C9B-488A-BE98-E55A034EB96B}.Debug|x64.Build.0 = Debug|x64
		{90CC9774-3C9B-488A-BE98-E55A034EB96B}.Debug|x86.ActiveCfg = Debug|Win32
		{90CC9774-3C9B-488A-BE98-E55A034EB96B}.Debug|x86.Build.0 = Debug|Win32
		{90CC9774-3C9B-488A-BE98-E55A034EB96B}.Release|x64.ActiveCfg = Release|x64
		{90CC9774-3C9B-488A-BE98-E55A034EB96B}.Release|x64.Build.0 = Release|x64
		{90CC9774-3C9B-488A-BE98-E55A034EB96B}.Release|x86.ActiveCfg = Release|Win32
		{90CC9774-3C9B-488A-BE98-E55A034EB96B}.Release|x86.Build.0 = Release|Win32
		{66483625-A8AE-43EA-87BF-AD253AA0FCA7}.Debug|x64.ActiveCfg = Debug|x64
		{66483625-A8AE-43EA-87BF-AD253AA0FCA7}.Debug|x64.Build.0 = Debug|x64
		{66483625-A8AE-43EA-87BF-AD253AA0FCA7}.Debug|x86.ActiveCfg = Debug|Win32
		{66483625-A8AE-43EA-87BF-AD253AA0FCA7}.Debug|x86.Build.0 = Debug|Win32
		{66483625-A8AE-43EA-87BF-AD253AA0FCA7}.Release|x64.ActiveCfg = Release|x64
		{66483625-A8AE-43EA-87BF-AD253AA0FCA7}.Release|x64.Build.0 = Release|x64
		{66483625-A8AE-43EA-87BF-AD253AA0FCA7}.Release|x86.ActiveCfg = Release|Win32
		{66483625-A8AE-43EA-87BF-AD253AA0FCA7}.Release|x86.Build.0 = Release|Win32
	EndGlobalSection
	GlobalSection(SolutionProperties) = preSolution
		HideSolutionNode = FALSE
	EndGlobalSection
	GlobalSection(NestedProjects) = preSolution
		{32C00709-6709-46D8-9167-4456047A2060} = {D0A87C4F-7445-4610-9BED-45E23E9D0748}
		{2AD9E4D4-E614-4A27-99AE-7DDDD232198B} = {8515BDBB-B8A0-44D4-916C-90C6F9C5A255}
		{373653F1-54FC-459D-B4E4-10D0E52FB1DD} = {8515BDBB-B8A0-44D4-916C-90C6F9C5A255}
		{8515BDBB-B8A0-44D4-916C-90C6F9C5A255} = {47924AC7-C015-4C89-84A2-1921BF181291}
		{776FAD4B-C69B-4BAB-AD31-0022EC8AE66F} = {D0A87C4F-7445-4610-9BED-45E23E9D0748}
		{90CC9774-3C9B-488A-BE98-E55A034EB96B} = {47924AC7-C015-4C89-84A2-1921BF181291}
		{66483625-A8AE-43EA-87BF-AD253AA0FCA7} = {47924AC7-C015-4C89-84A2-1921BF181291}
	EndGlobalSection
	GlobalSection(ExtensibilityGlobals) = postSolution
		SolutionGuid = {445CEADD-3B8D-4807-BD59-34481C7977BE}
	EndGlobalSection
EndGlobal
